
Microsoft Visual Studio Solution File, Format Version 12.00
# Visual Studio Version 17
VisualStudioVersion = 17.3.32929.385
MinimumVisualStudioVersion = 10.0.40219.1
Project("{9A19103F-16F7-4668-BE54-9A1E7A4F7556}") = "ReservasApi", "ReservasApi\ReservasApi.csproj", "{B39E9CF5-D169-491B-B15E-EEF6D402CEC6}"
EndProject
Project("{FAE04EC0-301F-11D3-BF4B-00C04F79EFBC}") = "Data", "Data\Data.csproj", "{0120CFED-AF74-448F-9D7B-8C8D7A31CCBA}"
EndProject
Project("{FAE04EC0-301F-11D3-BF4B-00C04F79EFBC}") = "Application", "Application\Application.csproj", "{C6958600-5139-48C9-88C8-CCA812DCE48C}"
EndProject
Global
	GlobalSection(SolutionConfigurationPlatforms) = preSolution
		Debug|Any CPU = Debug|Any CPU
		Release|Any CPU = Release|Any CPU
	EndGlobalSection
	GlobalSection(ProjectConfigurationPlatforms) = postSolution
		{B39E9CF5-D169-491B-B15E-EEF6D402CEC6}.Debug|Any CPU.ActiveCfg = Debug|Any CPU
		{B39E9CF5-D169-491B-B15E-EEF6D402CEC6}.Debug|Any CPU.Build.0 = Debug|Any CPU
		{B39E9CF5-D169-491B-B15E-EEF6D402CEC6}.Release|Any CPU.ActiveCfg = Release|Any CPU
		{B39E9CF5-D169-491B-B15E-EEF6D402CEC6}.Release|Any CPU.Build.0 = Release|Any CPU
		{0120CFED-AF74-448F-9D7B-8C8D7A31CCBA}.Debug|Any CPU.ActiveCfg = Debug|Any CPU
		{0120CFED-AF74-448F-9D7B-8C8D7A31CCBA}.Debug|Any CPU.Build.0 = Debug|Any CPU
		{0120CFED-AF74-448F-9D7B-8C8D7A31CCBA}.Release|Any CPU.ActiveCfg = Release|Any CPU
		{0120CFED-AF74-448F-9D7B-8C8D7A31CCBA}.Release|Any CPU.Build.0 = Release|Any CPU
		{C6958600-5139-48C9-88C8-CCA812DCE48C}.Debug|Any CPU.ActiveCfg = Debug|Any CPU
		{C6958600-5139-48C9-88C8-CCA812DCE48C}.Debug|Any CPU.Build.0 = Debug|Any CPU
		{C6958600-5139-48C9-88C8-CCA812DCE48C}.Release|Any CPU.ActiveCfg = Release|Any CPU
		{C6958600-5139-48C9-88C8-CCA812DCE48C}.Release|Any CPU.Build.0 = Release|Any CPU
	EndGlobalSection
	GlobalSection(SolutionProperties) = preSolution
		HideSolutionNode = FALSE
	EndGlobalSection
	GlobalSection(ExtensibilityGlobals) = postSolution
		SolutionGuid = {21C0ED8F-5827-44DB-9255-8D4AEF5FCF2A}
	EndGlobalSection
EndGlobal
